
Microsoft Visual Studio Solution File, Format Version 12.00
# Visual Studio Version 17
VisualStudioVersion = 17.11.35303.130
MinimumVisualStudioVersion = 10.0.40219.1
Project("{FAE04EC0-301F-11D3-BF4B-00C04F79EFBC}") = "WpfApp1", "WpfApp1\WpfApp1.csproj", "{A282A798-2153-4AF8-AF0C-689DCE7CC5D7}"
EndProject
Global
	GlobalSection(SolutionConfigurationPlatforms) = preSolution
		Debug|Any CPU = Debug|Any CPU
		Release|Any CPU = Release|Any CPU
	EndGlobalSection
	GlobalSection(ProjectConfigurationPlatforms) = postSolution
		{A282A798-2153-4AF8-AF0C-689DCE7CC5D7}.Debug|Any CPU.ActiveCfg = Debug|Any CPU
		{A282A798-2153-4AF8-AF0C-689DCE7CC5D7}.Debug|Any CPU.Build.0 = Debug|Any CPU
		{A282A798-2153-4AF8-AF0C-689DCE7CC5D7}.Release|Any CPU.ActiveCfg = Release|Any CPU
		{A282A798-2153-4AF8-AF0C-689DCE7CC5D7}.Release|Any CPU.Build.0 = Release|Any CPU
	EndGlobalSection
	GlobalSection(SolutionProperties) = preSolution
		HideSolutionNode = FALSE
	EndGlobalSection
	GlobalSection(ExtensibilityGlobals) = postSolution
		SolutionGuid = {E4EA7956-238F-4340-8E65-4B89915A0F79}
	EndGlobalSection
EndGlobal
